// !$*UTF8*$!
{
	archiveVersion = 1;
	classes = {
	};
	objectVersion = 55;
	objects = {

/* Begin PBXBuildFile section */
		F455A6A0277D1F5300BF8B6E /* AppDelegate.swift in Sources */ = {isa = PBXBuildFile; fileRef = F455A69F277D1F5300BF8B6E /* AppDelegate.swift */; };
		F455A6A2277D1F5300BF8B6E /* SceneDelegate.swift in Sources */ = {isa = PBXBuildFile; fileRef = F455A6A1277D1F5300BF8B6E /* SceneDelegate.swift */; };
		F455A6A4277D1F5300BF8B6E /* ViewController.swift in Sources */ = {isa = PBXBuildFile; fileRef = F455A6A3277D1F5300BF8B6E /* ViewController.swift */; };
		F455A6A7277D1F5300BF8B6E /* Main.storyboard in Resources */ = {isa = PBXBuildFile; fileRef = F455A6A5277D1F5300BF8B6E /* Main.storyboard */; };
		F455A6AA277D1F5300BF8B6E /* NotificationApp.xcdatamodeld in Sources */ = {isa = PBXBuildFile; fileRef = F455A6A8277D1F5300BF8B6E /* NotificationApp.xcdatamodeld */; };
		F455A6AC277D1F5800BF8B6E /* Assets.xcassets in Resources */ = {isa = PBXBuildFile; fileRef = F455A6AB277D1F5800BF8B6E /* Assets.xcassets */; };
		F455A6AF277D1F5800BF8B6E /* LaunchScreen.storyboard in Resources */ = {isa = PBXBuildFile; fileRef = F455A6AD277D1F5800BF8B6E /* LaunchScreen.storyboard */; };
		F455A6B7277F6D8700BF8B6E /* TableViewController.swift in Sources */ = {isa = PBXBuildFile; fileRef = F455A6B6277F6D8600BF8B6E /* TableViewController.swift */; };
/* End PBXBuildFile section */

/* Begin PBXFileReference section */
		F455A69C277D1F5300BF8B6E /* NotificationApp.app */ = {isa = PBXFileReference; explicitFileType = wrapper.application; includeInIndex = 0; path = NotificationApp.app; sourceTree = BUILT_PRODUCTS_DIR; };
		F455A69F277D1F5300BF8B6E /* AppDelegate.swift */ = {isa = PBXFileReference; lastKnownFileType = sourcecode.swift; path = AppDelegate.swift; sourceTree = "<group>"; };
		F455A6A1277D1F5300BF8B6E /* SceneDelegate.swift */ = {isa = PBXFileReference; lastKnownFileType = sourcecode.swift; path = SceneDelegate.swift; sourceTree = "<group>"; };
		F455A6A3277D1F5300BF8B6E /* ViewController.swift */ = {isa = PBXFileReference; lastKnownFileType = sourcecode.swift; path = ViewController.swift; sourceTree = "<group>"; };
		F455A6A6277D1F5300BF8B6E /* Base */ = {isa = PBXFileReference; lastKnownFileType = file.storyboard; name = Base; path = Base.lproj/Main.storyboard; sourceTree = "<group>"; };
		F455A6A9277D1F5300BF8B6E /* NotificationApp.xcdatamodel */ = {isa = PBXFileReference; lastKnownFileType = wrapper.xcdatamodel; path = NotificationApp.xcdatamodel; sourceTree = "<group>"; };
		F455A6AB277D1F5800BF8B6E /* Assets.xcassets */ = {isa = PBXFileReference; lastKnownFileType = folder.assetcatalog; path = Assets.xcassets; sourceTree = "<group>"; };
		F455A6AE277D1F5800BF8B6E /* Base */ = {isa = PBXFileReference; lastKnownFileType = file.storyboard; name = Base; path = Base.lproj/LaunchScreen.storyboard; sourceTree = "<group>"; };
		F455A6B0277D1F5800BF8B6E /* Info.plist */ = {isa = PBXFileReference; lastKnownFileType = text.plist.xml; path = Info.plist; sourceTree = "<group>"; };
		F455A6B6277F6D8600BF8B6E /* TableViewController.swift */ = {isa = PBXFileReference; lastKnownFileType = sourcecode.swift; path = TableViewController.swift; sourceTree = "<group>"; };
/* End PBXFileReference section */

/* Begin PBXFrameworksBuildPhase section */
		F455A699277D1F5300BF8B6E /* Frameworks */ = {
			isa = PBXFrameworksBuildPhase;
			buildActionMask = 2147483647;
			files = (
			);
			runOnlyForDeploymentPostprocessing = 0;
		};
/* End PBXFrameworksBuildPhase section */

/* Begin PBXGroup section */
		F455A693277D1F5300BF8B6E = {
			isa = PBXGroup;
			children = (
				F455A69E277D1F5300BF8B6E /* NotificationApp */,
				F455A69D277D1F5300BF8B6E /* Products */,
			);
			sourceTree = "<group>";
		};
		F455A69D277D1F5300BF8B6E /* Products */ = {
			isa = PBXGroup;
			children = (
				F455A69C277D1F5300BF8B6E /* NotificationApp.app */,
			);
			name = Products;
			sourceTree = "<group>";
		};
		F455A69E277D1F5300BF8B6E /* NotificationApp */ = {
			isa = PBXGroup;
			children = (
				F455A69F277D1F5300BF8B6E /* AppDelegate.swift */,
				F455A6A1277D1F5300BF8B6E /* SceneDelegate.swift */,
				F455A6A3277D1F5300BF8B6E /* ViewController.swift */,
				F455A6B6277F6D8600BF8B6E /* TableViewController.swift */,
				F455A6A5277D1F5300BF8B6E /* Main.storyboard */,
				F455A6AB277D1F5800BF8B6E /* Assets.xcassets */,
				F455A6AD277D1F5800BF8B6E /* LaunchScreen.storyboard */,
				F455A6B0277D1F5800BF8B6E /* Info.plist */,
				F455A6A8277D1F5300BF8B6E /* NotificationApp.xcdatamodeld */,
			);
			path = NotificationApp;
			sourceTree = "<group>";
		};
/* End PBXGroup section */

/* Begin PBXNativeTarget section */
		F455A69B277D1F5300BF8B6E /* NotificationApp */ = {
			isa = PBXNativeTarget;
			buildConfigurationList = F455A6B3277D1F5800BF8B6E /* Build configuration list for PBXNativeTarget "NotificationApp" */;
			buildPhases = (
				F455A698277D1F5300BF8B6E /* Sources */,
				F455A699277D1F5300BF8B6E /* Frameworks */,
				F455A69A277D1F5300BF8B6E /* Resources */,
			);
			buildRules = (
			);
			dependencies = (
			);
			name = NotificationApp;
			productName = NotificationApp;
			productReference = F455A69C277D1F5300BF8B6E /* NotificationApp.app */;
			productType = "com.apple.product-type.application";
		};
/* End PBXNativeTarget section */

/* Begin PBXProject section */
		F455A694277D1F5300BF8B6E /* Project object */ = {
			isa = PBXProject;
			attributes = {
				BuildIndependentTargetsInParallel = 1;
				LastSwiftUpdateCheck = 1310;
				LastUpgradeCheck = 1310;
				TargetAttributes = {
					F455A69B277D1F5300BF8B6E = {
						CreatedOnToolsVersion = 13.1;
					};
				};
			};
			buildConfigurationList = F455A697277D1F5300BF8B6E /* Build configuration list for PBXProject "NotificationApp" */;
			compatibilityVersion = "Xcode 13.0";
			developmentRegion = en;
			hasScannedForEncodings = 0;
			knownRegions = (
				en,
				Base,
			);
			mainGroup = F455A693277D1F5300BF8B6E;
			productRefGroup = F455A69D277D1F5300BF8B6E /* Products */;
			projectDirPath = "";
			projectRoot = "";
			targets = (
				F455A69B277D1F5300BF8B6E /* NotificationApp */,
			);
		};
/* End PBXProject section */

/* Begin PBXResourcesBuildPhase section */
		F455A69A277D1F5300BF8B6E /* Resources */ = {
			isa = PBXResourcesBuildPhase;
			buildActionMask = 2147483647;
			files = (
				F455A6AF277D1F5800BF8B6E /* LaunchScreen.storyboard in Resources */,
				F455A6AC277D1F5800BF8B6E /* Assets.xcassets in Resources */,
				F455A6A7277D1F5300BF8B6E /* Main.storyboard in Resources */,
			);
			runOnlyForDeploymentPostprocessing = 0;
		};
/* End PBXResourcesBuildPhase section */

/* Begin PBXSourcesBuildPhase section */
		F455A698277D1F5300BF8B6E /* Sources */ = {
			isa = PBXSourcesBuildPhase;
			buildActionMask = 2147483647;
			files = (
				F455A6AA277D1F5300BF8B6E /* NotificationApp.xcdatamodeld in Sources */,
				F455A6A4277D1F5300BF8B6E /* ViewController.swift in Sources */,
				F455A6A0277D1F5300BF8B6E /* AppDelegate.swift in Sources */,
				F455A6B7277F6D8700BF8B6E /* TableViewController.swift in Sources */,
				F455A6A2277D1F5300BF8B6E /* SceneDelegate.swift in Sources */,
			);
			runOnlyForDeploymentPostprocessing = 0;
		};
/* End PBXSourcesBuildPhase section */

/* Begin PBXVariantGroup section */
		F455A6A5277D1F5300BF8B6E /* Main.storyboard */ = {
			isa = PBXVariantGroup;
			children = (
				F455A6A6277D1F5300BF8B6E /* Base */,
			);
			name = Main.storyboard;
			sourceTree = "<group>";
		};
		F455A6AD277D1F5800BF8B6E /* LaunchScreen.storyboard */ = {
			isa = PBXVariantGroup;
			children = (
				F455A6AE277D1F5800BF8B6E /* Base */,
			);
			name = LaunchScreen.storyboard;
			sourceTree = "<group>";
		};
/* End PBXVariantGroup section */

/* Begin XCBuildConfiguration section */
		F455A6B1277D1F5800BF8B6E /* Debug */ = {
			isa = XCBuildConfiguration;
			buildSettings = {
				ALWAYS_SEARCH_USER_PATHS = NO;
				CLANG_ANALYZER_NONNULL = YES;
				CLANG_ANALYZER_NUMBER_OBJECT_CONVERSION = YES_AGGRESSIVE;
				CLANG_CXX_LANGUAGE_STANDARD = "gnu++17";
				CLANG_CXX_LIBRARY = "libc++";
				CLANG_ENABLE_MODULES = YES;
				CLANG_ENABLE_OBJC_ARC = YES;
				CLANG_ENABLE_OBJC_WEAK = YES;
				CLANG_WARN_BLOCK_CAPTURE_AUTORELEASING = YES;
				CLANG_WARN_BOOL_CONVERSION = YES;
				CLANG_WARN_COMMA = YES;
				CLANG_WARN_CONSTANT_CONVERSION = YES;
				CLANG_WARN_DEPRECATED_OBJC_IMPLEMENTATIONS = YES;
				CLANG_WARN_DIRECT_OBJC_ISA_USAGE = YES_ERROR;
				CLANG_WARN_DOCUMENTATION_COMMENTS = YES;
				CLANG_WARN_EMPTY_BODY = YES;
				CLANG_WARN_ENUM_CONVERSION = YES;
				CLANG_WARN_INFINITE_RECURSION = YES;
				CLANG_WARN_INT_CONVERSION = YES;
				CLANG_WARN_NON_LITERAL_NULL_CONVERSION = YES;
				CLANG_WARN_OBJC_IMPLICIT_RETAIN_SELF = YES;
				CLANG_WARN_OBJC_LITERAL_CONVERSION = YES;
				CLANG_WARN_OBJC_ROOT_CLASS = YES_ERROR;
				CLANG_WARN_QUOTED_INCLUDE_IN_FRAMEWORK_HEADER = YES;
				CLANG_WARN_RANGE_LOOP_ANALYSIS = YES;
				CLANG_WARN_STRICT_PROTOTYPES = YES;
				CLANG_WARN_SUSPICIOUS_MOVE = YES;
				CLANG_WARN_UNGUARDED_AVAILABILITY = YES_AGGRESSIVE;
				CLANG_WARN_UNREACHABLE_CODE = YES;
				CLANG_WARN__DUPLICATE_METHOD_MATCH = YES;
				COPY_PHASE_STRIP = NO;
				DEBUG_INFORMATION_FORMAT = dwarf;
				ENABLE_STRICT_OBJC_MSGSEND = YES;
				ENABLE_TESTABILITY = YES;
				GCC_C_LANGUAGE_STANDARD = gnu11;
				GCC_DYNAMIC_NO_PIC = NO;
				GCC_NO_COMMON_BLOCKS = YES;
				GCC_OPTIMIZATION_LEVEL = 0;
				GCC_PREPROCESSOR_DEFINITIONS = (
					"DEBUG=1",
					"$(inherited)",
				);
				GCC_WARN_64_TO_32_BIT_CONVERSION = YES;
				GCC_WARN_ABOUT_RETURN_TYPE = YES_ERROR;
				GCC_WARN_UNDECLARED_SELECTOR = YES;
				GCC_WARN_UNINITIALIZED_AUTOS = YES_AGGRESSIVE;
				GCC_WARN_UNUSED_FUNCTION = YES;
				GCC_WARN_UNUSED_VARIABLE = YES;
				IPHONEOS_DEPLOYMENT_TARGET = 15.0;
				MTL_ENABLE_DEBUG_INFO = INCLUDE_SOURCE;
				MTL_FAST_MATH = YES;
				ONLY_ACTIVE_ARCH = YES;
				SDKROOT = iphoneos;
				SWIFT_ACTIVE_COMPILATION_CONDITIONS = DEBUG;
				SWIFT_OPTIMIZATION_LEVEL = "-Onone";
			};
			name = Debug;
		};
		F455A6B2277D1F5800BF8B6E /* Release */ = {
			isa = XCBuildConfiguration;
			buildSettings = {
				ALWAYS_SEARCH_USER_PATHS = NO;
				CLANG_ANALYZER_NONNULL = YES;
				CLANG_ANALYZER_NUMBER_OBJECT_CONVERSION = YES_AGGRESSIVE;
				CLANG_CXX_LANGUAGE_STANDARD = "gnu++17";
				CLANG_CXX_LIBRARY = "libc++";
				CLANG_ENABLE_MODULES = YES;
				CLANG_ENABLE_OBJC_ARC = YES;
				CLANG_ENABLE_OBJC_WEAK = YES;
				CLANG_WARN_BLOCK_CAPTURE_AUTORELEASING = YES;
				CLANG_WARN_BOOL_CONVERSION = YES;
				CLANG_WARN_COMMA = YES;
				CLANG_WARN_CONSTANT_CONVERSION = YES;
				CLANG_WARN_DEPRECATED_OBJC_IMPLEMENTATIONS = YES;
				CLANG_WARN_DIRECT_OBJC_ISA_USAGE = YES_ERROR;
				CLANG_WARN_DOCUMENTATION_COMMENTS = YES;
				CLANG_WARN_EMPTY_BODY = YES;
				CLANG_WARN_ENUM_CONVERSION = YES;
				CLANG_WARN_INFINITE_RECURSION = YES;
				CLANG_WARN_INT_CONVERSION = YES;
				CLANG_WARN_NON_LITERAL_NULL_CONVERSION = YES;
				CLANG_WARN_OBJC_IMPLICIT_RETAIN_SELF = YES;
				CLANG_WARN_OBJC_LITERAL_CONVERSION = YES;
				CLANG_WARN_OBJC_ROOT_CLASS = YES_ERROR;
				CLANG_WARN_QUOTED_INCLUDE_IN_FRAMEWORK_HEADER = YES;
				CLANG_WARN_RANGE_LOOP_ANALYSIS = YES;
				CLANG_WARN_STRICT_PROTOTYPES = YES;
				CLANG_WARN_SUSPICIOUS_MOVE = YES;
				CLANG_WARN_UNGUARDED_AVAILABILITY = YES_AGGRESSIVE;
				CLANG_WARN_UNREACHABLE_CODE = YES;
				CLANG_WARN__DUPLICATE_METHOD_MATCH = YES;
				COPY_PHASE_STRIP = NO;
				DEBUG_INFORMATION_FORMAT = "dwarf-with-dsym";
				ENABLE_NS_ASSERTIONS = NO;
				ENABLE_STRICT_OBJC_MSGSEND = YES;
				GCC_C_LANGUAGE_STANDARD = gnu11;
				GCC_NO_COMMON_BLOCKS = YES;
				GCC_WARN_64_TO_32_BIT_CONVERSION = YES;
				GCC_WARN_ABOUT_RETURN_TYPE = YES_ERROR;
				GCC_WARN_UNDECLARED_SELECTOR = YES;
				GCC_WARN_UNINITIALIZED_AUTOS = YES_AGGRESSIVE;
				GCC_WARN_UNUSED_FUNCTION = YES;
				GCC_WARN_UNUSED_VARIABLE = YES;
				IPHONEOS_DEPLOYMENT_TARGET = 15.0;
				MTL_ENABLE_DEBUG_INFO = NO;
				MTL_FAST_MATH = YES;
				SDKROOT = iphoneos;
				SWIFT_COMPILATION_MODE = wholemodule;
				SWIFT_OPTIMIZATION_LEVEL = "-O";
				VALIDATE_PRODUCT = YES;
			};
			name = Release;
		};
		F455A6B4277D1F5800BF8B6E /* Debug */ = {
			isa = XCBuildConfiguration;
			buildSettings = {
				ASSETCATALOG_COMPILER_APPICON_NAME = AppIcon;
				ASSETCATALOG_COMPILER_GLOBAL_ACCENT_COLOR_NAME = AccentColor;
				CODE_SIGN_STYLE = Automatic;
				CURRENT_PROJECT_VERSION = 1;
				GENERATE_INFOPLIST_FILE = YES;
				INFOPLIST_FILE = NotificationApp/Info.plist;
				INFOPLIST_KEY_UIApplicationSupportsIndirectInputEvents = YES;
				INFOPLIST_KEY_UILaunchStoryboardName = LaunchScreen;
				INFOPLIST_KEY_UIMainStoryboardFile = Main;
				INFOPLIST_KEY_UISupportedInterfaceOrientations_iPad = "UIInterfaceOrientationPortrait UIInterfaceOrientationPortraitUpsideDown UIInterfaceOrientationLandscapeLeft UIInterfaceOrientationLandscapeRight";
				INFOPLIST_KEY_UISupportedInterfaceOrientations_iPhone = "UIInterfaceOrientationPortrait UIInterfaceOrientationLandscapeLeft UIInterfaceOrientationLandscapeRight";
				LD_RUNPATH_SEARCH_PATHS = (
					"$(inherited)",
					"@executable_path/Frameworks",
				);
				MARKETING_VERSION = 1.0;
				PRODUCT_BUNDLE_IDENTIFIER = com.Aisha.NotificationApp;
				PRODUCT_NAME = "$(TARGET_NAME)";
				SWIFT_EMIT_LOC_STRINGS = YES;
				SWIFT_VERSION = 5.0;
				TARGETED_DEVICE_FAMILY = "1,2";
			};
			name = Debug;
		};
		F455A6B5277D1F5800BF8B6E /* Release */ = {
			isa = XCBuildConfiguration;
			buildSettings = {
				ASSETCATALOG_COMPILER_APPICON_NAME = AppIcon;
				ASSETCATALOG_COMPILER_GLOBAL_ACCENT_COLOR_NAME = AccentColor;
				CODE_SIGN_STYLE = Automatic;
				CURRENT_PROJECT_VERSION = 1;
				GENERATE_INFOPLIST_FILE = YES;
				INFOPLIST_FILE = NotificationApp/Info.plist;
				INFOPLIST_KEY_UIApplicationSupportsIndirectInputEvents = YES;
				INFOPLIST_KEY_UILaunchStoryboardName = LaunchScreen;
				INFOPLIST_KEY_UIMainStoryboardFile = Main;
				INFOPLIST_KEY_UISupportedInterfaceOrientations_iPad = "UIInterfaceOrientationPortrait UIInterfaceOrientationPortraitUpsideDown UIInterfaceOrientationLandscapeLeft UIInterfaceOrientationLandscapeRight";
				INFOPLIST_KEY_UISupportedInterfaceOrientations_iPhone = "UIInterfaceOrientationPortrait UIInterfaceOrientationLandscapeLeft UIInterfaceOrientationLandscapeRight";
				LD_RUNPATH_SEARCH_PATHS = (
					"$(inherited)",
					"@executable_path/Frameworks",
				);
				MARKETING_VERSION = 1.0;
				PRODUCT_BUNDLE_IDENTIFIER = com.Aisha.NotificationApp;
				PRODUCT_NAME = "$(TARGET_NAME)";
				SWIFT_EMIT_LOC_STRINGS = YES;
				SWIFT_VERSION = 5.0;
				TARGETED_DEVICE_FAMILY = "1,2";
			};
			name = Release;
		};
/* End XCBuildConfiguration section */

/* Begin XCConfigurationList section */
		F455A697277D1F5300BF8B6E /* Build configuration list for PBXProject "NotificationApp" */ = {
			isa = XCConfigurationList;
			buildConfigurations = (
				F455A6B1277D1F5800BF8B6E /* Debug */,
				F455A6B2277D1F5800BF8B6E /* Release */,
			);
			defaultConfigurationIsVisible = 0;
			defaultConfigurationName = Release;
		};
		F455A6B3277D1F5800BF8B6E /* Build configuration list for PBXNativeTarget "NotificationApp" */ = {
			isa = XCConfigurationList;
			buildConfigurations = (
				F455A6B4277D1F5800BF8B6E /* Debug */,
				F455A6B5277D1F5800BF8B6E /* Release */,
			);
			defaultConfigurationIsVisible = 0;
			defaultConfigurationName = Release;
		};
/* End XCConfigurationList section */

/* Begin XCVersionGroup section */
		F455A6A8277D1F5300BF8B6E /* NotificationApp.xcdatamodeld */ = {
			isa = XCVersionGroup;
			children = (
				F455A6A9277D1F5300BF8B6E /* NotificationApp.xcdatamodel */,
			);
			currentVersion = F455A6A9277D1F5300BF8B6E /* NotificationApp.xcdatamodel */;
			path = NotificationApp.xcdatamodeld;
			sourceTree = "<group>";
			versionGroupType = wrapper.xcdatamodel;
		};
/* End XCVersionGroup section */
	};
	rootObject = F455A694277D1F5300BF8B6E /* Project object */;
}
